// !$*UTF8*$!
{
	archiveVersion = 1;
	classes = {
	};
	objectVersion = 50;
	objects = {

/* Begin PBXBuildFile section */
		417023F7270D6E5B00CE933B /* AppDelegate.swift in Sources */ = {isa = PBXBuildFile; fileRef = 417023F6270D6E5B00CE933B /* AppDelegate.swift */; };
		417023F9270D6E5B00CE933B /* SceneDelegate.swift in Sources */ = {isa = PBXBuildFile; fileRef = 417023F8270D6E5B00CE933B /* SceneDelegate.swift */; };
		417023FB270D6E5B00CE933B /* ViewController.swift in Sources */ = {isa = PBXBuildFile; fileRef = 417023FA270D6E5B00CE933B /* ViewController.swift */; };
		417023FE270D6E5B00CE933B /* Main.storyboard in Resources */ = {isa = PBXBuildFile; fileRef = 417023FC270D6E5B00CE933B /* Main.storyboard */; };
		41702401270D6E5B00CE933B /* OnPortion.xcdatamodeld in Sources */ = {isa = PBXBuildFile; fileRef = 417023FF270D6E5B00CE933B /* OnPortion.xcdatamodeld */; };
		41702403270D6E5C00CE933B /* Assets.xcassets in Resources */ = {isa = PBXBuildFile; fileRef = 41702402270D6E5C00CE933B /* Assets.xcassets */; };
		41702406270D6E5C00CE933B /* LaunchScreen.storyboard in Resources */ = {isa = PBXBuildFile; fileRef = 41702404270D6E5C00CE933B /* LaunchScreen.storyboard */; };
		41702411270E197400CE933B /* Model.swift in Sources */ = {isa = PBXBuildFile; fileRef = 41702410270E197400CE933B /* Model.swift */; };
		417024142711E3AE00CE933B /* SplashScreenViewController.swift in Sources */ = {isa = PBXBuildFile; fileRef = 417024132711E3AE00CE933B /* SplashScreenViewController.swift */; };
		417024182711FEAE00CE933B /* HomeViewController.swift in Sources */ = {isa = PBXBuildFile; fileRef = 417024172711FEAE00CE933B /* HomeViewController.swift */; };
		4170241A27133C3200CE933B /* SelectIngredientViewController.swift in Sources */ = {isa = PBXBuildFile; fileRef = 4170241927133C3200CE933B /* SelectIngredientViewController.swift */; };
		4170241C2713942400CE933B /* Recipients.swift in Sources */ = {isa = PBXBuildFile; fileRef = 4170241B2713942400CE933B /* Recipients.swift */; };
		4170241E271395D100CE933B /* Ingredient.swift in Sources */ = {isa = PBXBuildFile; fileRef = 4170241D271395D100CE933B /* Ingredient.swift */; };
		4170242027139F3800CE933B /* ScanRecipientViewController.swift in Sources */ = {isa = PBXBuildFile; fileRef = 4170241F27139F3800CE933B /* ScanRecipientViewController.swift */; };
		417024242714011700CE933B /* OnPortion 1.mlmodel in Sources */ = {isa = PBXBuildFile; fileRef = 417024232714011700CE933B /* OnPortion 1.mlmodel */; };
		417024282714020600CE933B /* VNClassificationObservation+confidenceString.swift in Sources */ = {isa = PBXBuildFile; fileRef = 417024262714020600CE933B /* VNClassificationObservation+confidenceString.swift */; };
		417024292714020600CE933B /* CGImagePropertyOrientation+UIImageOrientation.swift in Sources */ = {isa = PBXBuildFile; fileRef = 417024272714020600CE933B /* CGImagePropertyOrientation+UIImageOrientation.swift */; };
		4170242B271406B700CE933B /* ConversionFromViewController.swift in Sources */ = {isa = PBXBuildFile; fileRef = 4170242A271406B700CE933B /* ConversionFromViewController.swift */; };
		4170242D271406CE00CE933B /* ConversionToViewController.swift in Sources */ = {isa = PBXBuildFile; fileRef = 4170242C271406CE00CE933B /* ConversionToViewController.swift */; };
		4170242F2714072200CE933B /* TypeValueViewController.swift in Sources */ = {isa = PBXBuildFile; fileRef = 4170242E2714072200CE933B /* TypeValueViewController.swift */; };
		417024312714075800CE933B /* ResultViewController.swift in Sources */ = {isa = PBXBuildFile; fileRef = 417024302714075800CE933B /* ResultViewController.swift */; };
		417024332714076900CE933B /* RecipeBookViewController.swift in Sources */ = {isa = PBXBuildFile; fileRef = 417024322714076900CE933B /* RecipeBookViewController.swift */; };
		417024352714CDDD00CE933B /* ImagePredictor.swift in Sources */ = {isa = PBXBuildFile; fileRef = 417024342714CDDC00CE933B /* ImagePredictor.swift */; };
		417024372714D4F200CE933B /* CMSampleBuffer+.swift in Sources */ = {isa = PBXBuildFile; fileRef = 417024362714D4F100CE933B /* CMSampleBuffer+.swift */; };
		4170243B2714D94200CE933B /* OnPortion 3.mlmodel in Sources */ = {isa = PBXBuildFile; fileRef = 4170243A2714D94200CE933B /* OnPortion 3.mlmodel */; };
		4170243C2714FE6800CE933B /* PressStart2P.ttf in Resources */ = {isa = PBXBuildFile; fileRef = 41702412270FED1100CE933B /* PressStart2P.ttf */; };
/* End PBXBuildFile section */

/* Begin PBXFileReference section */
		417023F3270D6E5B00CE933B /* OnPortion.app */ = {isa = PBXFileReference; explicitFileType = wrapper.application; includeInIndex = 0; path = OnPortion.app; sourceTree = BUILT_PRODUCTS_DIR; };
		417023F6270D6E5B00CE933B /* AppDelegate.swift */ = {isa = PBXFileReference; lastKnownFileType = sourcecode.swift; path = AppDelegate.swift; sourceTree = "<group>"; };
		417023F8270D6E5B00CE933B /* SceneDelegate.swift */ = {isa = PBXFileReference; lastKnownFileType = sourcecode.swift; path = SceneDelegate.swift; sourceTree = "<group>"; };
		417023FA270D6E5B00CE933B /* ViewController.swift */ = {isa = PBXFileReference; lastKnownFileType = sourcecode.swift; path = ViewController.swift; sourceTree = "<group>"; };
		417023FD270D6E5B00CE933B /* Base */ = {isa = PBXFileReference; lastKnownFileType = file.storyboard; name = Base; path = Base.lproj/Main.storyboard; sourceTree = "<group>"; };
		41702400270D6E5B00CE933B /* OnPortion.xcdatamodel */ = {isa = PBXFileReference; lastKnownFileType = wrapper.xcdatamodel; path = OnPortion.xcdatamodel; sourceTree = "<group>"; };
		41702402270D6E5C00CE933B /* Assets.xcassets */ = {isa = PBXFileReference; lastKnownFileType = folder.assetcatalog; path = Assets.xcassets; sourceTree = "<group>"; };
		41702405270D6E5C00CE933B /* Base */ = {isa = PBXFileReference; lastKnownFileType = file.storyboard; name = Base; path = Base.lproj/LaunchScreen.storyboard; sourceTree = "<group>"; };
		41702407270D6E5C00CE933B /* Info.plist */ = {isa = PBXFileReference; lastKnownFileType = text.plist.xml; path = Info.plist; sourceTree = "<group>"; };
		41702410270E197400CE933B /* Model.swift */ = {isa = PBXFileReference; lastKnownFileType = sourcecode.swift; path = Model.swift; sourceTree = "<group>"; };
		41702412270FED1100CE933B /* PressStart2P.ttf */ = {isa = PBXFileReference; lastKnownFileType = file; path = PressStart2P.ttf; sourceTree = "<group>"; };
		417024132711E3AE00CE933B /* SplashScreenViewController.swift */ = {isa = PBXFileReference; lastKnownFileType = sourcecode.swift; path = SplashScreenViewController.swift; sourceTree = "<group>"; };
		417024172711FEAE00CE933B /* HomeViewController.swift */ = {isa = PBXFileReference; lastKnownFileType = sourcecode.swift; path = HomeViewController.swift; sourceTree = "<group>"; };
		4170241927133C3200CE933B /* SelectIngredientViewController.swift */ = {isa = PBXFileReference; lastKnownFileType = sourcecode.swift; path = SelectIngredientViewController.swift; sourceTree = "<group>"; };
		4170241B2713942400CE933B /* Recipients.swift */ = {isa = PBXFileReference; lastKnownFileType = sourcecode.swift; path = Recipients.swift; sourceTree = "<group>"; };
		4170241D271395D100CE933B /* Ingredient.swift */ = {isa = PBXFileReference; lastKnownFileType = sourcecode.swift; path = Ingredient.swift; sourceTree = "<group>"; };
		4170241F27139F3800CE933B /* ScanRecipientViewController.swift */ = {isa = PBXFileReference; lastKnownFileType = sourcecode.swift; path = ScanRecipientViewController.swift; sourceTree = "<group>"; };
		417024232714011700CE933B /* OnPortion 1.mlmodel */ = {isa = PBXFileReference; lastKnownFileType = file.mlmodel; path = "OnPortion 1.mlmodel"; sourceTree = "<group>"; };
		417024262714020600CE933B /* VNClassificationObservation+confidenceString.swift */ = {isa = PBXFileReference; fileEncoding = 4; lastKnownFileType = sourcecode.swift; path = "VNClassificationObservation+confidenceString.swift"; sourceTree = "<group>"; };
		417024272714020600CE933B /* CGImagePropertyOrientation+UIImageOrientation.swift */ = {isa = PBXFileReference; fileEncoding = 4; lastKnownFileType = sourcecode.swift; path = "CGImagePropertyOrientation+UIImageOrientation.swift"; sourceTree = "<group>"; };
		4170242A271406B700CE933B /* ConversionFromViewController.swift */ = {isa = PBXFileReference; lastKnownFileType = sourcecode.swift; path = ConversionFromViewController.swift; sourceTree = "<group>"; };
		4170242C271406CE00CE933B /* ConversionToViewController.swift */ = {isa = PBXFileReference; lastKnownFileType = sourcecode.swift; path = ConversionToViewController.swift; sourceTree = "<group>"; };
		4170242E2714072200CE933B /* TypeValueViewController.swift */ = {isa = PBXFileReference; lastKnownFileType = sourcecode.swift; path = TypeValueViewController.swift; sourceTree = "<group>"; };
		417024302714075800CE933B /* ResultViewController.swift */ = {isa = PBXFileReference; lastKnownFileType = sourcecode.swift; path = ResultViewController.swift; sourceTree = "<group>"; };
		417024322714076900CE933B /* RecipeBookViewController.swift */ = {isa = PBXFileReference; lastKnownFileType = sourcecode.swift; path = RecipeBookViewController.swift; sourceTree = "<group>"; };
		417024342714CDDC00CE933B /* ImagePredictor.swift */ = {isa = PBXFileReference; lastKnownFileType = sourcecode.swift; path = ImagePredictor.swift; sourceTree = "<group>"; };
		417024362714D4F100CE933B /* CMSampleBuffer+.swift */ = {isa = PBXFileReference; lastKnownFileType = sourcecode.swift; path = "CMSampleBuffer+.swift"; sourceTree = "<group>"; };
		4170243A2714D94200CE933B /* OnPortion 3.mlmodel */ = {isa = PBXFileReference; lastKnownFileType = file.mlmodel; path = "OnPortion 3.mlmodel"; sourceTree = "<group>"; };
/* End PBXFileReference section */

/* Begin PBXFrameworksBuildPhase section */
		417023F0270D6E5B00CE933B /* Frameworks */ = {
			isa = PBXFrameworksBuildPhase;
			buildActionMask = 2147483647;
			files = (
			);
			runOnlyForDeploymentPostprocessing = 0;
		};
/* End PBXFrameworksBuildPhase section */

/* Begin PBXGroup section */
		417023EA270D6E5B00CE933B = {
			isa = PBXGroup;
			children = (
				417023F5270D6E5B00CE933B /* OnPortion */,
				417023F4270D6E5B00CE933B /* Products */,
			);
			sourceTree = "<group>";
		};
		417023F4270D6E5B00CE933B /* Products */ = {
			isa = PBXGroup;
			children = (
				417023F3270D6E5B00CE933B /* OnPortion.app */,
			);
			name = Products;
			sourceTree = "<group>";
		};
		417023F5270D6E5B00CE933B /* OnPortion */ = {
			isa = PBXGroup;
			children = (
				417024232714011700CE933B /* OnPortion 1.mlmodel */,
				4170243A2714D94200CE933B /* OnPortion 3.mlmodel */,
				417023F6270D6E5B00CE933B /* AppDelegate.swift */,
				417023F8270D6E5B00CE933B /* SceneDelegate.swift */,
				417023FA270D6E5B00CE933B /* ViewController.swift */,
				417023FC270D6E5B00CE933B /* Main.storyboard */,
				41702412270FED1100CE933B /* PressStart2P.ttf */,
				41702402270D6E5C00CE933B /* Assets.xcassets */,
				41702404270D6E5C00CE933B /* LaunchScreen.storyboard */,
				41702407270D6E5C00CE933B /* Info.plist */,
				417023FF270D6E5B00CE933B /* OnPortion.xcdatamodeld */,
				417024252714020600CE933B /* Extensions */,
				4170240D270D6F0500CE933B /* Model */,
				4170240E270D705500CE933B /* View Model */,
				4170240F270D707700CE933B /* View Controller */,
			);
			path = OnPortion;
			sourceTree = "<group>";
		};
		4170240D270D6F0500CE933B /* Model */ = {
			isa = PBXGroup;
			children = (
				41702410270E197400CE933B /* Model.swift */,
				4170241B2713942400CE933B /* Recipients.swift */,
				4170241D271395D100CE933B /* Ingredient.swift */,
				417024342714CDDC00CE933B /* ImagePredictor.swift */,
			);
			path = Model;
			sourceTree = "<group>";
		};
		4170240E270D705500CE933B /* View Model */ = {
			isa = PBXGroup;
			children = (
			);
			path = "View Model";
			sourceTree = "<group>";
		};
		4170240F270D707700CE933B /* View Controller */ = {
			isa = PBXGroup;
			children = (
				417024132711E3AE00CE933B /* SplashScreenViewController.swift */,
				417024172711FEAE00CE933B /* HomeViewController.swift */,
				4170241927133C3200CE933B /* SelectIngredientViewController.swift */,
				4170242A271406B700CE933B /* ConversionFromViewController.swift */,
				4170242C271406CE00CE933B /* ConversionToViewController.swift */,
				4170241F27139F3800CE933B /* ScanRecipientViewController.swift */,
				4170242E2714072200CE933B /* TypeValueViewController.swift */,
				417024302714075800CE933B /* ResultViewController.swift */,
				417024322714076900CE933B /* RecipeBookViewController.swift */,
			);
			path = "View Controller";
			sourceTree = "<group>";
		};
		417024252714020600CE933B /* Extensions */ = {
			isa = PBXGroup;
			children = (
				417024262714020600CE933B /* VNClassificationObservation+confidenceString.swift */,
				417024272714020600CE933B /* CGImagePropertyOrientation+UIImageOrientation.swift */,
				417024362714D4F100CE933B /* CMSampleBuffer+.swift */,
			);
			path = Extensions;
			sourceTree = "<group>";
		};
/* End PBXGroup section */

/* Begin PBXNativeTarget section */
		417023F2270D6E5B00CE933B /* OnPortion */ = {
			isa = PBXNativeTarget;
			buildConfigurationList = 4170240A270D6E5C00CE933B /* Build configuration list for PBXNativeTarget "OnPortion" */;
			buildPhases = (
				417023EF270D6E5B00CE933B /* Sources */,
				417023F0270D6E5B00CE933B /* Frameworks */,
				417023F1270D6E5B00CE933B /* Resources */,
			);
			buildRules = (
			);
			dependencies = (
			);
			name = OnPortion;
			productName = OnPortion;
			productReference = 417023F3270D6E5B00CE933B /* OnPortion.app */;
			productType = "com.apple.product-type.application";
		};
/* End PBXNativeTarget section */

/* Begin PBXProject section */
		417023EB270D6E5B00CE933B /* Project object */ = {
			isa = PBXProject;
			attributes = {
				LastSwiftUpdateCheck = 1250;
				LastUpgradeCheck = 1250;
				TargetAttributes = {
					417023F2270D6E5B00CE933B = {
						CreatedOnToolsVersion = 12.5.1;
					};
				};
			};
			buildConfigurationList = 417023EE270D6E5B00CE933B /* Build configuration list for PBXProject "OnPortion" */;
			compatibilityVersion = "Xcode 9.3";
			developmentRegion = en;
			hasScannedForEncodings = 0;
			knownRegions = (
				en,
				Base,
			);
			mainGroup = 417023EA270D6E5B00CE933B;
			productRefGroup = 417023F4270D6E5B00CE933B /* Products */;
			projectDirPath = "";
			projectRoot = "";
			targets = (
				417023F2270D6E5B00CE933B /* OnPortion */,
			);
		};
/* End PBXProject section */

/* Begin PBXResourcesBuildPhase section */
		417023F1270D6E5B00CE933B /* Resources */ = {
			isa = PBXResourcesBuildPhase;
			buildActionMask = 2147483647;
			files = (
				41702406270D6E5C00CE933B /* LaunchScreen.storyboard in Resources */,
				4170243C2714FE6800CE933B /* PressStart2P.ttf in Resources */,
				41702403270D6E5C00CE933B /* Assets.xcassets in Resources */,
				417023FE270D6E5B00CE933B /* Main.storyboard in Resources */,
			);
			runOnlyForDeploymentPostprocessing = 0;
		};
/* End PBXResourcesBuildPhase section */

/* Begin PBXSourcesBuildPhase section */
		417023EF270D6E5B00CE933B /* Sources */ = {
			isa = PBXSourcesBuildPhase;
			buildActionMask = 2147483647;
			files = (
				4170243B2714D94200CE933B /* OnPortion 3.mlmodel in Sources */,
				41702411270E197400CE933B /* Model.swift in Sources */,
				417023FB270D6E5B00CE933B /* ViewController.swift in Sources */,
				417024292714020600CE933B /* CGImagePropertyOrientation+UIImageOrientation.swift in Sources */,
				4170241E271395D100CE933B /* Ingredient.swift in Sources */,
				417024282714020600CE933B /* VNClassificationObservation+confidenceString.swift in Sources */,
				417024142711E3AE00CE933B /* SplashScreenViewController.swift in Sources */,
				4170242D271406CE00CE933B /* ConversionToViewController.swift in Sources */,
				417024332714076900CE933B /* RecipeBookViewController.swift in Sources */,
				4170241C2713942400CE933B /* Recipients.swift in Sources */,
				417023F7270D6E5B00CE933B /* AppDelegate.swift in Sources */,
				4170242F2714072200CE933B /* TypeValueViewController.swift in Sources */,
				41702401270D6E5B00CE933B /* OnPortion.xcdatamodeld in Sources */,
				417024182711FEAE00CE933B /* HomeViewController.swift in Sources */,
				417024242714011700CE933B /* OnPortion 1.mlmodel in Sources */,
				417024352714CDDD00CE933B /* ImagePredictor.swift in Sources */,
				417023F9270D6E5B00CE933B /* SceneDelegate.swift in Sources */,
				4170242B271406B700CE933B /* ConversionFromViewController.swift in Sources */,
				4170241A27133C3200CE933B /* SelectIngredientViewController.swift in Sources */,
				4170242027139F3800CE933B /* ScanRecipientViewController.swift in Sources */,
				417024372714D4F200CE933B /* CMSampleBuffer+.swift in Sources */,
				417024312714075800CE933B /* ResultViewController.swift in Sources */,
			);
			runOnlyForDeploymentPostprocessing = 0;
		};
/* End PBXSourcesBuildPhase section */

/* Begin PBXVariantGroup section */
		417023FC270D6E5B00CE933B /* Main.storyboard */ = {
			isa = PBXVariantGroup;
			children = (
				417023FD270D6E5B00CE933B /* Base */,
			);
			name = Main.storyboard;
			sourceTree = "<group>";
		};
		41702404270D6E5C00CE933B /* LaunchScreen.storyboard */ = {
			isa = PBXVariantGroup;
			children = (
				41702405270D6E5C00CE933B /* Base */,
			);
			name = LaunchScreen.storyboard;
			sourceTree = "<group>";
		};
/* End PBXVariantGroup section */

/* Begin XCBuildConfiguration section */
		41702408270D6E5C00CE933B /* Debug */ = {
			isa = XCBuildConfiguration;
			buildSettings = {
				ALWAYS_SEARCH_USER_PATHS = NO;
				CLANG_ANALYZER_NONNULL = YES;
				CLANG_ANALYZER_NUMBER_OBJECT_CONVERSION = YES_AGGRESSIVE;
				CLANG_CXX_LANGUAGE_STANDARD = "gnu++14";
				CLANG_CXX_LIBRARY = "libc++";
				CLANG_ENABLE_MODULES = YES;
				CLANG_ENABLE_OBJC_ARC = YES;
				CLANG_ENABLE_OBJC_WEAK = YES;
				CLANG_WARN_BLOCK_CAPTURE_AUTORELEASING = YES;
				CLANG_WARN_BOOL_CONVERSION = YES;
				CLANG_WARN_COMMA = YES;
				CLANG_WARN_CONSTANT_CONVERSION = YES;
				CLANG_WARN_DEPRECATED_OBJC_IMPLEMENTATIONS = YES;
				CLANG_WARN_DIRECT_OBJC_ISA_USAGE = YES_ERROR;
				CLANG_WARN_DOCUMENTATION_COMMENTS = YES;
				CLANG_WARN_EMPTY_BODY = YES;
				CLANG_WARN_ENUM_CONVERSION = YES;
				CLANG_WARN_INFINITE_RECURSION = YES;
				CLANG_WARN_INT_CONVERSION = YES;
				CLANG_WARN_NON_LITERAL_NULL_CONVERSION = YES;
				CLANG_WARN_OBJC_IMPLICIT_RETAIN_SELF = YES;
				CLANG_WARN_OBJC_LITERAL_CONVERSION = YES;
				CLANG_WARN_OBJC_ROOT_CLASS = YES_ERROR;
				CLANG_WARN_QUOTED_INCLUDE_IN_FRAMEWORK_HEADER = YES;
				CLANG_WARN_RANGE_LOOP_ANALYSIS = YES;
				CLANG_WARN_STRICT_PROTOTYPES = YES;
				CLANG_WARN_SUSPICIOUS_MOVE = YES;
				CLANG_WARN_UNGUARDED_AVAILABILITY = YES_AGGRESSIVE;
				CLANG_WARN_UNREACHABLE_CODE = YES;
				CLANG_WARN__DUPLICATE_METHOD_MATCH = YES;
				COPY_PHASE_STRIP = NO;
				DEBUG_INFORMATION_FORMAT = dwarf;
				ENABLE_STRICT_OBJC_MSGSEND = YES;
				ENABLE_TESTABILITY = YES;
				GCC_C_LANGUAGE_STANDARD = gnu11;
				GCC_DYNAMIC_NO_PIC = NO;
				GCC_NO_COMMON_BLOCKS = YES;
				GCC_OPTIMIZATION_LEVEL = 0;
				GCC_PREPROCESSOR_DEFINITIONS = (
					"DEBUG=1",
					"$(inherited)",
				);
				GCC_WARN_64_TO_32_BIT_CONVERSION = YES;
				GCC_WARN_ABOUT_RETURN_TYPE = YES_ERROR;
				GCC_WARN_UNDECLARED_SELECTOR = YES;
				GCC_WARN_UNINITIALIZED_AUTOS = YES_AGGRESSIVE;
				GCC_WARN_UNUSED_FUNCTION = YES;
				GCC_WARN_UNUSED_VARIABLE = YES;
				IPHONEOS_DEPLOYMENT_TARGET = 14.5;
				MTL_ENABLE_DEBUG_INFO = INCLUDE_SOURCE;
				MTL_FAST_MATH = YES;
				ONLY_ACTIVE_ARCH = YES;
				SDKROOT = iphoneos;
				SWIFT_ACTIVE_COMPILATION_CONDITIONS = DEBUG;
				SWIFT_OPTIMIZATION_LEVEL = "-Onone";
			};
			name = Debug;
		};
		41702409270D6E5C00CE933B /* Release */ = {
			isa = XCBuildConfiguration;
			buildSettings = {
				ALWAYS_SEARCH_USER_PATHS = NO;
				CLANG_ANALYZER_NONNULL = YES;
				CLANG_ANALYZER_NUMBER_OBJECT_CONVERSION = YES_AGGRESSIVE;
				CLANG_CXX_LANGUAGE_STANDARD = "gnu++14";
				CLANG_CXX_LIBRARY = "libc++";
				CLANG_ENABLE_MODULES = YES;
				CLANG_ENABLE_OBJC_ARC = YES;
				CLANG_ENABLE_OBJC_WEAK = YES;
				CLANG_WARN_BLOCK_CAPTURE_AUTORELEASING = YES;
				CLANG_WARN_BOOL_CONVERSION = YES;
				CLANG_WARN_COMMA = YES;
				CLANG_WARN_CONSTANT_CONVERSION = YES;
				CLANG_WARN_DEPRECATED_OBJC_IMPLEMENTATIONS = YES;
				CLANG_WARN_DIRECT_OBJC_ISA_USAGE = YES_ERROR;
				CLANG_WARN_DOCUMENTATION_COMMENTS = YES;
				CLANG_WARN_EMPTY_BODY = YES;
				CLANG_WARN_ENUM_CONVERSION = YES;
				CLANG_WARN_INFINITE_RECURSION = YES;
				CLANG_WARN_INT_CONVERSION = YES;
				CLANG_WARN_NON_LITERAL_NULL_CONVERSION = YES;
				CLANG_WARN_OBJC_IMPLICIT_RETAIN_SELF = YES;
				CLANG_WARN_OBJC_LITERAL_CONVERSION = YES;
				CLANG_WARN_OBJC_ROOT_CLASS = YES_ERROR;
				CLANG_WARN_QUOTED_INCLUDE_IN_FRAMEWORK_HEADER = YES;
				CLANG_WARN_RANGE_LOOP_ANALYSIS = YES;
				CLANG_WARN_STRICT_PROTOTYPES = YES;
				CLANG_WARN_SUSPICIOUS_MOVE = YES;
				CLANG_WARN_UNGUARDED_AVAILABILITY = YES_AGGRESSIVE;
				CLANG_WARN_UNREACHABLE_CODE = YES;
				CLANG_WARN__DUPLICATE_METHOD_MATCH = YES;
				COPY_PHASE_STRIP = NO;
				DEBUG_INFORMATION_FORMAT = "dwarf-with-dsym";
				ENABLE_NS_ASSERTIONS = NO;
				ENABLE_STRICT_OBJC_MSGSEND = YES;
				GCC_C_LANGUAGE_STANDARD = gnu11;
				GCC_NO_COMMON_BLOCKS = YES;
				GCC_WARN_64_TO_32_BIT_CONVERSION = YES;
				GCC_WARN_ABOUT_RETURN_TYPE = YES_ERROR;
				GCC_WARN_UNDECLARED_SELECTOR = YES;
				GCC_WARN_UNINITIALIZED_AUTOS = YES_AGGRESSIVE;
				GCC_WARN_UNUSED_FUNCTION = YES;
				GCC_WARN_UNUSED_VARIABLE = YES;
				IPHONEOS_DEPLOYMENT_TARGET = 14.5;
				MTL_ENABLE_DEBUG_INFO = NO;
				MTL_FAST_MATH = YES;
				SDKROOT = iphoneos;
				SWIFT_COMPILATION_MODE = wholemodule;
				SWIFT_OPTIMIZATION_LEVEL = "-O";
				VALIDATE_PRODUCT = YES;
			};
			name = Release;
		};
		4170240B270D6E5C00CE933B /* Debug */ = {
			isa = XCBuildConfiguration;
			buildSettings = {
				ASSETCATALOG_COMPILER_APPICON_NAME = AppIcon;
				ASSETCATALOG_COMPILER_GLOBAL_ACCENT_COLOR_NAME = AccentColor;
				CODE_SIGN_STYLE = Automatic;
				DEVELOPMENT_TEAM = U77829B9P3;
				INFOPLIST_FILE = OnPortion/Info.plist;
				LD_RUNPATH_SEARCH_PATHS = (
					"$(inherited)",
					"@executable_path/Frameworks",
				);
				PRODUCT_BUNDLE_IDENTIFIER = br.com.daneonishi.OnPortion;
				PRODUCT_NAME = "$(TARGET_NAME)";
				SWIFT_VERSION = 5.0;
				TARGETED_DEVICE_FAMILY = "1,2";
			};
			name = Debug;
		};
		4170240C270D6E5C00CE933B /* Release */ = {
			isa = XCBuildConfiguration;
			buildSettings = {
				ASSETCATALOG_COMPILER_APPICON_NAME = AppIcon;
				ASSETCATALOG_COMPILER_GLOBAL_ACCENT_COLOR_NAME = AccentColor;
				CODE_SIGN_STYLE = Automatic;
				DEVELOPMENT_TEAM = U77829B9P3;
				INFOPLIST_FILE = OnPortion/Info.plist;
				LD_RUNPATH_SEARCH_PATHS = (
					"$(inherited)",
					"@executable_path/Frameworks",
				);
				PRODUCT_BUNDLE_IDENTIFIER = br.com.daneonishi.OnPortion;
				PRODUCT_NAME = "$(TARGET_NAME)";
				SWIFT_VERSION = 5.0;
				TARGETED_DEVICE_FAMILY = "1,2";
			};
			name = Release;
		};
/* End XCBuildConfiguration section */

/* Begin XCConfigurationList section */
		417023EE270D6E5B00CE933B /* Build configuration list for PBXProject "OnPortion" */ = {
			isa = XCConfigurationList;
			buildConfigurations = (
				41702408270D6E5C00CE933B /* Debug */,
				41702409270D6E5C00CE933B /* Release */,
			);
			defaultConfigurationIsVisible = 0;
			defaultConfigurationName = Release;
		};
		4170240A270D6E5C00CE933B /* Build configuration list for PBXNativeTarget "OnPortion" */ = {
			isa = XCConfigurationList;
			buildConfigurations = (
				4170240B270D6E5C00CE933B /* Debug */,
				4170240C270D6E5C00CE933B /* Release */,
			);
			defaultConfigurationIsVisible = 0;
			defaultConfigurationName = Release;
		};
/* End XCConfigurationList section */

/* Begin XCVersionGroup section */
		417023FF270D6E5B00CE933B /* OnPortion.xcdatamodeld */ = {
			isa = XCVersionGroup;
			children = (
				41702400270D6E5B00CE933B /* OnPortion.xcdatamodel */,
			);
			currentVersion = 41702400270D6E5B00CE933B /* OnPortion.xcdatamodel */;
			path = OnPortion.xcdatamodeld;
			sourceTree = "<group>";
			versionGroupType = wrapper.xcdatamodel;
		};
/* End XCVersionGroup section */
	};
	rootObject = 417023EB270D6E5B00CE933B /* Project object */;
}
